// !$*UTF8*$!
{
	archiveVersion = 1;
	classes = {
	};
	objectVersion = 55;
	objects = {

/* Begin PBXBuildFile section */
		651AF64628E627A9000CD065 /* AppDelegate.swift in Sources */ = {isa = PBXBuildFile; fileRef = 651AF64528E627A9000CD065 /* AppDelegate.swift */; };
		651AF64828E627A9000CD065 /* SceneDelegate.swift in Sources */ = {isa = PBXBuildFile; fileRef = 651AF64728E627A9000CD065 /* SceneDelegate.swift */; };
		651AF64A28E627A9000CD065 /* HomeViewController.swift in Sources */ = {isa = PBXBuildFile; fileRef = 651AF64928E627A9000CD065 /* HomeViewController.swift */; };
		651AF64D28E627A9000CD065 /* Main.storyboard in Resources */ = {isa = PBXBuildFile; fileRef = 651AF64B28E627A9000CD065 /* Main.storyboard */; };
		651AF64F28E627A9000CD065 /* Assets.xcassets in Resources */ = {isa = PBXBuildFile; fileRef = 651AF64E28E627A9000CD065 /* Assets.xcassets */; };
		651AF65228E627A9000CD065 /* LaunchScreen.storyboard in Resources */ = {isa = PBXBuildFile; fileRef = 651AF65028E627A9000CD065 /* LaunchScreen.storyboard */; };
		651AF67628E632FD000CD065 /* ClientListViewController.swift in Sources */ = {isa = PBXBuildFile; fileRef = 651AF67528E632FD000CD065 /* ClientListViewController.swift */; };
		651AF67828E636E2000CD065 /* ClientData.swift in Sources */ = {isa = PBXBuildFile; fileRef = 651AF67728E636E2000CD065 /* ClientData.swift */; };
/* End PBXBuildFile section */

/* Begin PBXContainerItemProxy section */
		651AF65928E627A9000CD065 /* PBXContainerItemProxy */ = {
			isa = PBXContainerItemProxy;
			containerPortal = 651AF63A28E627A9000CD065 /* Project object */;
			proxyType = 1;
			remoteGlobalIDString = 651AF64128E627A9000CD065;
			remoteInfo = Elise;
		};
		651AF66328E627A9000CD065 /* PBXContainerItemProxy */ = {
			isa = PBXContainerItemProxy;
			containerPortal = 651AF63A28E627A9000CD065 /* Project object */;
			proxyType = 1;
			remoteGlobalIDString = 651AF64128E627A9000CD065;
			remoteInfo = Elise;
		};
/* End PBXContainerItemProxy section */

/* Begin PBXFileReference section */
		651AF64228E627A9000CD065 /* MoviePreferences.app */ = {isa = PBXFileReference; explicitFileType = wrapper.application; includeInIndex = 0; path = MoviePreferences.app; sourceTree = BUILT_PRODUCTS_DIR; };
		651AF64528E627A9000CD065 /* AppDelegate.swift */ = {isa = PBXFileReference; lastKnownFileType = sourcecode.swift; path = AppDelegate.swift; sourceTree = "<group>"; };
		651AF64728E627A9000CD065 /* SceneDelegate.swift */ = {isa = PBXFileReference; lastKnownFileType = sourcecode.swift; path = SceneDelegate.swift; sourceTree = "<group>"; };
		651AF64928E627A9000CD065 /* HomeViewController.swift */ = {isa = PBXFileReference; lastKnownFileType = sourcecode.swift; path = HomeViewController.swift; sourceTree = "<group>"; };
		651AF64C28E627A9000CD065 /* Base */ = {isa = PBXFileReference; lastKnownFileType = file.storyboard; name = Base; path = Base.lproj/Main.storyboard; sourceTree = "<group>"; };
		651AF64E28E627A9000CD065 /* Assets.xcassets */ = {isa = PBXFileReference; lastKnownFileType = folder.assetcatalog; path = Assets.xcassets; sourceTree = "<group>"; };
		651AF65128E627A9000CD065 /* Base */ = {isa = PBXFileReference; lastKnownFileType = file.storyboard; name = Base; path = Base.lproj/LaunchScreen.storyboard; sourceTree = "<group>"; };
		651AF65328E627A9000CD065 /* Info.plist */ = {isa = PBXFileReference; lastKnownFileType = text.plist.xml; path = Info.plist; sourceTree = "<group>"; };
		651AF65828E627A9000CD065 /* MoviePreferencesTests.xctest */ = {isa = PBXFileReference; explicitFileType = wrapper.cfbundle; includeInIndex = 0; path = MoviePreferencesTests.xctest; sourceTree = BUILT_PRODUCTS_DIR; };
		651AF66228E627A9000CD065 /* MoviePreferencesUITests.xctest */ = {isa = PBXFileReference; explicitFileType = wrapper.cfbundle; includeInIndex = 0; path = MoviePreferencesUITests.xctest; sourceTree = BUILT_PRODUCTS_DIR; };
		651AF67528E632FD000CD065 /* ClientListViewController.swift */ = {isa = PBXFileReference; lastKnownFileType = sourcecode.swift; path = ClientListViewController.swift; sourceTree = "<group>"; };
		651AF67728E636E2000CD065 /* ClientData.swift */ = {isa = PBXFileReference; lastKnownFileType = sourcecode.swift; path = ClientData.swift; sourceTree = "<group>"; };
/* End PBXFileReference section */

/* Begin PBXFrameworksBuildPhase section */
		651AF63F28E627A9000CD065 /* Frameworks */ = {
			isa = PBXFrameworksBuildPhase;
			buildActionMask = 2147483647;
			files = (
			);
			runOnlyForDeploymentPostprocessing = 0;
		};
		651AF65528E627A9000CD065 /* Frameworks */ = {
			isa = PBXFrameworksBuildPhase;
			buildActionMask = 2147483647;
			files = (
			);
			runOnlyForDeploymentPostprocessing = 0;
		};
		651AF65F28E627A9000CD065 /* Frameworks */ = {
			isa = PBXFrameworksBuildPhase;
			buildActionMask = 2147483647;
			files = (
			);
			runOnlyForDeploymentPostprocessing = 0;
		};
/* End PBXFrameworksBuildPhase section */

/* Begin PBXGroup section */
		651AF63928E627A9000CD065 = {
			isa = PBXGroup;
			children = (
				651AF64428E627A9000CD065 /* MoviePreferences */,
				651AF64328E627A9000CD065 /* Products */,
			);
			sourceTree = "<group>";
		};
		651AF64328E627A9000CD065 /* Products */ = {
			isa = PBXGroup;
			children = (
				651AF64228E627A9000CD065 /* MoviePreferences.app */,
				651AF65828E627A9000CD065 /* MoviePreferencesTests.xctest */,
				651AF66228E627A9000CD065 /* MoviePreferencesUITests.xctest */,
			);
			name = Products;
			sourceTree = "<group>";
		};
		651AF64428E627A9000CD065 /* MoviePreferences */ = {
			isa = PBXGroup;
			children = (
				651AF64528E627A9000CD065 /* AppDelegate.swift */,
				651AF64728E627A9000CD065 /* SceneDelegate.swift */,
				651AF64928E627A9000CD065 /* HomeViewController.swift */,
				651AF67728E636E2000CD065 /* ClientData.swift */,
				651AF67528E632FD000CD065 /* ClientListViewController.swift */,
				651AF64B28E627A9000CD065 /* Main.storyboard */,
				651AF64E28E627A9000CD065 /* Assets.xcassets */,
				651AF65028E627A9000CD065 /* LaunchScreen.storyboard */,
				651AF65328E627A9000CD065 /* Info.plist */,
			);
			path = MoviePreferences;
			sourceTree = "<group>";
		};
/* End PBXGroup section */

/* Begin PBXNativeTarget section */
		651AF64128E627A9000CD065 /* MoviePreferences */ = {
			isa = PBXNativeTarget;
			buildConfigurationList = 651AF66C28E627A9000CD065 /* Build configuration list for PBXNativeTarget "MoviePreferences" */;
			buildPhases = (
				651AF63E28E627A9000CD065 /* Sources */,
				651AF63F28E627A9000CD065 /* Frameworks */,
				651AF64028E627A9000CD065 /* Resources */,
			);
			buildRules = (
			);
			dependencies = (
			);
			name = MoviePreferences;
			productName = Elise;
			productReference = 651AF64228E627A9000CD065 /* MoviePreferences.app */;
			productType = "com.apple.product-type.application";
		};
		651AF65728E627A9000CD065 /* MoviePreferencesTests */ = {
			isa = PBXNativeTarget;
			buildConfigurationList = 651AF66F28E627A9000CD065 /* Build configuration list for PBXNativeTarget "MoviePreferencesTests" */;
			buildPhases = (
				651AF65428E627A9000CD065 /* Sources */,
				651AF65528E627A9000CD065 /* Frameworks */,
				651AF65628E627A9000CD065 /* Resources */,
			);
			buildRules = (
			);
			dependencies = (
				651AF65A28E627A9000CD065 /* PBXTargetDependency */,
			);
			name = MoviePreferencesTests;
			productName = EliseTests;
			productReference = 651AF65828E627A9000CD065 /* MoviePreferencesTests.xctest */;
			productType = "com.apple.product-type.bundle.unit-test";
		};
		651AF66128E627A9000CD065 /* MoviePreferencesUITests */ = {
			isa = PBXNativeTarget;
			buildConfigurationList = 651AF67228E627A9000CD065 /* Build configuration list for PBXNativeTarget "MoviePreferencesUITests" */;
			buildPhases = (
				651AF65E28E627A9000CD065 /* Sources */,
				651AF65F28E627A9000CD065 /* Frameworks */,
				651AF66028E627A9000CD065 /* Resources */,
			);
			buildRules = (
			);
			dependencies = (
				651AF66428E627A9000CD065 /* PBXTargetDependency */,
			);
			name = MoviePreferencesUITests;
			productName = EliseUITests;
			productReference = 651AF66228E627A9000CD065 /* MoviePreferencesUITests.xctest */;
			productType = "com.apple.product-type.bundle.ui-testing";
		};
/* End PBXNativeTarget section */

/* Begin PBXProject section */
		651AF63A28E627A9000CD065 /* Project object */ = {
			isa = PBXProject;
			attributes = {
				BuildIndependentTargetsInParallel = 1;
				LastSwiftUpdateCheck = 1340;
				LastUpgradeCheck = 1340;
				TargetAttributes = {
					651AF64128E627A9000CD065 = {
						CreatedOnToolsVersion = 13.4.1;
					};
					651AF65728E627A9000CD065 = {
						CreatedOnToolsVersion = 13.4.1;
						TestTargetID = 651AF64128E627A9000CD065;
					};
					651AF66128E627A9000CD065 = {
						CreatedOnToolsVersion = 13.4.1;
						TestTargetID = 651AF64128E627A9000CD065;
					};
				};
			};
			buildConfigurationList = 651AF63D28E627A9000CD065 /* Build configuration list for PBXProject "MoviePreferences" */;
			compatibilityVersion = "Xcode 13.0";
			developmentRegion = en;
			hasScannedForEncodings = 0;
			knownRegions = (
				en,
				Base,
			);
			mainGroup = 651AF63928E627A9000CD065;
			productRefGroup = 651AF64328E627A9000CD065 /* Products */;
			projectDirPath = "";
			projectRoot = "";
			targets = (
				651AF64128E627A9000CD065 /* MoviePreferences */,
				651AF65728E627A9000CD065 /* MoviePreferencesTests */,
				651AF66128E627A9000CD065 /* MoviePreferencesUITests */,
			);
		};
/* End PBXProject section */

/* Begin PBXResourcesBuildPhase section */
		651AF64028E627A9000CD065 /* Resources */ = {
			isa = PBXResourcesBuildPhase;
			buildActionMask = 2147483647;
			files = (
				651AF65228E627A9000CD065 /* LaunchScreen.storyboard in Resources */,
				651AF64F28E627A9000CD065 /* Assets.xcassets in Resources */,
				651AF64D28E627A9000CD065 /* Main.storyboard in Resources */,
			);
			runOnlyForDeploymentPostprocessing = 0;
		};
		651AF65628E627A9000CD065 /* Resources */ = {
			isa = PBXResourcesBuildPhase;
			buildActionMask = 2147483647;
			files = (
			);
			runOnlyForDeploymentPostprocessing = 0;
		};
		651AF66028E627A9000CD065 /* Resources */ = {
			isa = PBXResourcesBuildPhase;
			buildActionMask = 2147483647;
			files = (
			);
			runOnlyForDeploymentPostprocessing = 0;
		};
/* End PBXResourcesBuildPhase section */

/* Begin PBXSourcesBuildPhase section */
		651AF63E28E627A9000CD065 /* Sources */ = {
			isa = PBXSourcesBuildPhase;
			buildActionMask = 2147483647;
			files = (
				651AF64A28E627A9000CD065 /* HomeViewController.swift in Sources */,
				651AF64628E627A9000CD065 /* AppDelegate.swift in Sources */,
				651AF64828E627A9000CD065 /* SceneDelegate.swift in Sources */,
				651AF67628E632FD000CD065 /* ClientListViewController.swift in Sources */,
				651AF67828E636E2000CD065 /* ClientData.swift in Sources */,
			);
			runOnlyForDeploymentPostprocessing = 0;
		};
		651AF65428E627A9000CD065 /* Sources */ = {
			isa = PBXSourcesBuildPhase;
			buildActionMask = 2147483647;
			files = (
			);
			runOnlyForDeploymentPostprocessing = 0;
		};
		651AF65E28E627A9000CD065 /* Sources */ = {
			isa = PBXSourcesBuildPhase;
			buildActionMask = 2147483647;
			files = (
			);
			runOnlyForDeploymentPostprocessing = 0;
		};
/* End PBXSourcesBuildPhase section */

/* Begin PBXTargetDependency section */
		651AF65A28E627A9000CD065 /* PBXTargetDependency */ = {
			isa = PBXTargetDependency;
			target = 651AF64128E627A9000CD065 /* MoviePreferences */;
			targetProxy = 651AF65928E627A9000CD065 /* PBXContainerItemProxy */;
		};
		651AF66428E627A9000CD065 /* PBXTargetDependency */ = {
			isa = PBXTargetDependency;
			target = 651AF64128E627A9000CD065 /* MoviePreferences */;
			targetProxy = 651AF66328E627A9000CD065 /* PBXContainerItemProxy */;
		};
/* End PBXTargetDependency section */

/* Begin PBXVariantGroup section */
		651AF64B28E627A9000CD065 /* Main.storyboard */ = {
			isa = PBXVariantGroup;
			children = (
				651AF64C28E627A9000CD065 /* Base */,
			);
			name = Main.storyboard;
			sourceTree = "<group>";
		};
		651AF65028E627A9000CD065 /* LaunchScreen.storyboard */ = {
			isa = PBXVariantGroup;
			children = (
				651AF65128E627A9000CD065 /* Base */,
			);
			name = LaunchScreen.storyboard;
			sourceTree = "<group>";
		};
/* End PBXVariantGroup section */

/* Begin XCBuildConfiguration section */
		651AF66A28E627A9000CD065 /* Debug */ = {
			isa = XCBuildConfiguration;
			buildSettings = {
				ALWAYS_SEARCH_USER_PATHS = NO;
				CLANG_ANALYZER_NONNULL = YES;
				CLANG_ANALYZER_NUMBER_OBJECT_CONVERSION = YES_AGGRESSIVE;
				CLANG_CXX_LANGUAGE_STANDARD = "gnu++17";
				CLANG_ENABLE_MODULES = YES;
				CLANG_ENABLE_OBJC_ARC = YES;
				CLANG_ENABLE_OBJC_WEAK = YES;
				CLANG_WARN_BLOCK_CAPTURE_AUTORELEASING = YES;
				CLANG_WARN_BOOL_CONVERSION = YES;
				CLANG_WARN_COMMA = YES;
				CLANG_WARN_CONSTANT_CONVERSION = YES;
				CLANG_WARN_DEPRECATED_OBJC_IMPLEMENTATIONS = YES;
				CLANG_WARN_DIRECT_OBJC_ISA_USAGE = YES_ERROR;
				CLANG_WARN_DOCUMENTATION_COMMENTS = YES;
				CLANG_WARN_EMPTY_BODY = YES;
				CLANG_WARN_ENUM_CONVERSION = YES;
				CLANG_WARN_INFINITE_RECURSION = YES;
				CLANG_WARN_INT_CONVERSION = YES;
				CLANG_WARN_NON_LITERAL_NULL_CONVERSION = YES;
				CLANG_WARN_OBJC_IMPLICIT_RETAIN_SELF = YES;
				CLANG_WARN_OBJC_LITERAL_CONVERSION = YES;
				CLANG_WARN_OBJC_ROOT_CLASS = YES_ERROR;
				CLANG_WARN_QUOTED_INCLUDE_IN_FRAMEWORK_HEADER = YES;
				CLANG_WARN_RANGE_LOOP_ANALYSIS = YES;
				CLANG_WARN_STRICT_PROTOTYPES = YES;
				CLANG_WARN_SUSPICIOUS_MOVE = YES;
				CLANG_WARN_UNGUARDED_AVAILABILITY = YES_AGGRESSIVE;
				CLANG_WARN_UNREACHABLE_CODE = YES;
				CLANG_WARN__DUPLICATE_METHOD_MATCH = YES;
				COPY_PHASE_STRIP = NO;
				DEBUG_INFORMATION_FORMAT = dwarf;
				ENABLE_STRICT_OBJC_MSGSEND = YES;
				ENABLE_TESTABILITY = YES;
				GCC_C_LANGUAGE_STANDARD = gnu11;
				GCC_DYNAMIC_NO_PIC = NO;
				GCC_NO_COMMON_BLOCKS = YES;
				GCC_OPTIMIZATION_LEVEL = 0;
				GCC_PREPROCESSOR_DEFINITIONS = (
					"DEBUG=1",
					"$(inherited)",
				);
				GCC_WARN_64_TO_32_BIT_CONVERSION = YES;
				GCC_WARN_ABOUT_RETURN_TYPE = YES_ERROR;
				GCC_WARN_UNDECLARED_SELECTOR = YES;
				GCC_WARN_UNINITIALIZED_AUTOS = YES_AGGRESSIVE;
				GCC_WARN_UNUSED_FUNCTION = YES;
				GCC_WARN_UNUSED_VARIABLE = YES;
				IPHONEOS_DEPLOYMENT_TARGET = 15.5;
				MTL_ENABLE_DEBUG_INFO = INCLUDE_SOURCE;
				MTL_FAST_MATH = YES;
				ONLY_ACTIVE_ARCH = YES;
				SDKROOT = iphoneos;
				SWIFT_ACTIVE_COMPILATION_CONDITIONS = DEBUG;
				SWIFT_OPTIMIZATION_LEVEL = "-Onone";
			};
			name = Debug;
		};
		651AF66B28E627A9000CD065 /* Release */ = {
			isa = XCBuildConfiguration;
			buildSettings = {
				ALWAYS_SEARCH_USER_PATHS = NO;
				CLANG_ANALYZER_NONNULL = YES;
				CLANG_ANALYZER_NUMBER_OBJECT_CONVERSION = YES_AGGRESSIVE;
				CLANG_CXX_LANGUAGE_STANDARD = "gnu++17";
				CLANG_ENABLE_MODULES = YES;
				CLANG_ENABLE_OBJC_ARC = YES;
				CLANG_ENABLE_OBJC_WEAK = YES;
				CLANG_WARN_BLOCK_CAPTURE_AUTORELEASING = YES;
				CLANG_WARN_BOOL_CONVERSION = YES;
				CLANG_WARN_COMMA = YES;
				CLANG_WARN_CONSTANT_CONVERSION = YES;
				CLANG_WARN_DEPRECATED_OBJC_IMPLEMENTATIONS = YES;
				CLANG_WARN_DIRECT_OBJC_ISA_USAGE = YES_ERROR;
				CLANG_WARN_DOCUMENTATION_COMMENTS = YES;
				CLANG_WARN_EMPTY_BODY = YES;
				CLANG_WARN_ENUM_CONVERSION = YES;
				CLANG_WARN_INFINITE_RECURSION = YES;
				CLANG_WARN_INT_CONVERSION = YES;
				CLANG_WARN_NON_LITERAL_NULL_CONVERSION = YES;
				CLANG_WARN_OBJC_IMPLICIT_RETAIN_SELF = YES;
				CLANG_WARN_OBJC_LITERAL_CONVERSION = YES;
				CLANG_WARN_OBJC_ROOT_CLASS = YES_ERROR;
				CLANG_WARN_QUOTED_INCLUDE_IN_FRAMEWORK_HEADER = YES;
				CLANG_WARN_RANGE_LOOP_ANALYSIS = YES;
				CLANG_WARN_STRICT_PROTOTYPES = YES;
				CLANG_WARN_SUSPICIOUS_MOVE = YES;
				CLANG_WARN_UNGUARDED_AVAILABILITY = YES_AGGRESSIVE;
				CLANG_WARN_UNREACHABLE_CODE = YES;
				CLANG_WARN__DUPLICATE_METHOD_MATCH = YES;
				COPY_PHASE_STRIP = NO;
				DEBUG_INFORMATION_FORMAT = "dwarf-with-dsym";
				ENABLE_NS_ASSERTIONS = NO;
				ENABLE_STRICT_OBJC_MSGSEND = YES;
				GCC_C_LANGUAGE_STANDARD = gnu11;
				GCC_NO_COMMON_BLOCKS = YES;
				GCC_WARN_64_TO_32_BIT_CONVERSION = YES;
				GCC_WARN_ABOUT_RETURN_TYPE = YES_ERROR;
				GCC_WARN_UNDECLARED_SELECTOR = YES;
				GCC_WARN_UNINITIALIZED_AUTOS = YES_AGGRESSIVE;
				GCC_WARN_UNUSED_FUNCTION = YES;
				GCC_WARN_UNUSED_VARIABLE = YES;
				IPHONEOS_DEPLOYMENT_TARGET = 15.5;
				MTL_ENABLE_DEBUG_INFO = NO;
				MTL_FAST_MATH = YES;
				SDKROOT = iphoneos;
				SWIFT_COMPILATION_MODE = wholemodule;
				SWIFT_OPTIMIZATION_LEVEL = "-O";
				VALIDATE_PRODUCT = YES;
			};
			name = Release;
		};
		651AF66D28E627A9000CD065 /* Debug */ = {
			isa = XCBuildConfiguration;
			buildSettings = {
				ASSETCATALOG_COMPILER_APPICON_NAME = AppIcon;
				ASSETCATALOG_COMPILER_GLOBAL_ACCENT_COLOR_NAME = AccentColor;
				CODE_SIGN_STYLE = Automatic;
				CURRENT_PROJECT_VERSION = 1;
				DEVELOPMENT_TEAM = 7LAL44LT2V;
				GENERATE_INFOPLIST_FILE = YES;
				INFOPLIST_FILE = MoviePreferences/Info.plist;
				INFOPLIST_KEY_UIApplicationSupportsIndirectInputEvents = YES;
				INFOPLIST_KEY_UILaunchStoryboardName = LaunchScreen;
				INFOPLIST_KEY_UIMainStoryboardFile = Main;
				INFOPLIST_KEY_UISupportedInterfaceOrientations_iPad = "UIInterfaceOrientationPortrait UIInterfaceOrientationPortraitUpsideDown UIInterfaceOrientationLandscapeLeft UIInterfaceOrientationLandscapeRight";
				INFOPLIST_KEY_UISupportedInterfaceOrientations_iPhone = "UIInterfaceOrientationPortrait UIInterfaceOrientationLandscapeLeft UIInterfaceOrientationLandscapeRight";
				LD_RUNPATH_SEARCH_PATHS = (
					"$(inherited)",
					"@executable_path/Frameworks",
				);
				MARKETING_VERSION = 1.0;
				PRODUCT_BUNDLE_IDENTIFIER = iOS2.Elise;
				PRODUCT_NAME = "$(TARGET_NAME)";
				SWIFT_EMIT_LOC_STRINGS = YES;
				SWIFT_VERSION = 5.0;
				TARGETED_DEVICE_FAMILY = "1,2";
			};
			name = Debug;
		};
		651AF66E28E627A9000CD065 /* Release */ = {
			isa = XCBuildConfiguration;
			buildSettings = {
				ASSETCATALOG_COMPILER_APPICON_NAME = AppIcon;
				ASSETCATALOG_COMPILER_GLOBAL_ACCENT_COLOR_NAME = AccentColor;
				CODE_SIGN_STYLE = Automatic;
				CURRENT_PROJECT_VERSION = 1;
				DEVELOPMENT_TEAM = 7LAL44LT2V;
				GENERATE_INFOPLIST_FILE = YES;
				INFOPLIST_FILE = MoviePreferences/Info.plist;
				INFOPLIST_KEY_UIApplicationSupportsIndirectInputEvents = YES;
				INFOPLIST_KEY_UILaunchStoryboardName = LaunchScreen;
				INFOPLIST_KEY_UIMainStoryboardFile = Main;
				INFOPLIST_KEY_UISupportedInterfaceOrientations_iPad = "UIInterfaceOrientationPortrait UIInterfaceOrientationPortraitUpsideDown UIInterfaceOrientationLandscapeLeft UIInterfaceOrientationLandscapeRight";
				INFOPLIST_KEY_UISupportedInterfaceOrientations_iPhone = "UIInterfaceOrientationPortrait UIInterfaceOrientationLandscapeLeft UIInterfaceOrientationLandscapeRight";
				LD_RUNPATH_SEARCH_PATHS = (
					"$(inherited)",
					"@executable_path/Frameworks",
				);
				MARKETING_VERSION = 1.0;
				PRODUCT_BUNDLE_IDENTIFIER = iOS2.Elise;
				PRODUCT_NAME = "$(TARGET_NAME)";
				SWIFT_EMIT_LOC_STRINGS = YES;
				SWIFT_VERSION = 5.0;
				TARGETED_DEVICE_FAMILY = "1,2";
			};
			name = Release;
		};
		651AF67028E627A9000CD065 /* Debug */ = {
			isa = XCBuildConfiguration;
			buildSettings = {
				ALWAYS_EMBED_SWIFT_STANDARD_LIBRARIES = YES;
				BUNDLE_LOADER = "$(TEST_HOST)";
				CODE_SIGN_STYLE = Automatic;
				CURRENT_PROJECT_VERSION = 1;
				DEVELOPMENT_TEAM = 7LAL44LT2V;
				GENERATE_INFOPLIST_FILE = YES;
				IPHONEOS_DEPLOYMENT_TARGET = 15.5;
				MARKETING_VERSION = 1.0;
				PRODUCT_BUNDLE_IDENTIFIER = iOS2.EliseTests;
				PRODUCT_NAME = "$(TARGET_NAME)";
				SWIFT_EMIT_LOC_STRINGS = NO;
				SWIFT_VERSION = 5.0;
				TARGETED_DEVICE_FAMILY = "1,2";
				TEST_HOST = "$(BUILT_PRODUCTS_DIR)/MoviePreferences.app/MoviePreferences";
			};
			name = Debug;
		};
		651AF67128E627A9000CD065 /* Release */ = {
			isa = XCBuildConfiguration;
			buildSettings = {
				ALWAYS_EMBED_SWIFT_STANDARD_LIBRARIES = YES;
				BUNDLE_LOADER = "$(TEST_HOST)";
				CODE_SIGN_STYLE = Automatic;
				CURRENT_PROJECT_VERSION = 1;
				DEVELOPMENT_TEAM = 7LAL44LT2V;
				GENERATE_INFOPLIST_FILE = YES;
				IPHONEOS_DEPLOYMENT_TARGET = 15.5;
				MARKETING_VERSION = 1.0;
				PRODUCT_BUNDLE_IDENTIFIER = iOS2.EliseTests;
				PRODUCT_NAME = "$(TARGET_NAME)";
				SWIFT_EMIT_LOC_STRINGS = NO;
				SWIFT_VERSION = 5.0;
				TARGETED_DEVICE_FAMILY = "1,2";
				TEST_HOST = "$(BUILT_PRODUCTS_DIR)/MoviePreferences.app/MoviePreferences";
			};
			name = Release;
		};
		651AF67328E627A9000CD065 /* Debug */ = {
			isa = XCBuildConfiguration;
			buildSettings = {
				ALWAYS_EMBED_SWIFT_STANDARD_LIBRARIES = YES;
				CODE_SIGN_STYLE = Automatic;
				CURRENT_PROJECT_VERSION = 1;
				DEVELOPMENT_TEAM = 7LAL44LT2V;
				GENERATE_INFOPLIST_FILE = YES;
				MARKETING_VERSION = 1.0;
				PRODUCT_BUNDLE_IDENTIFIER = iOS2.EliseUITests;
				PRODUCT_NAME = "$(TARGET_NAME)";
				SWIFT_EMIT_LOC_STRINGS = NO;
				SWIFT_VERSION = 5.0;
				TARGETED_DEVICE_FAMILY = "1,2";
				TEST_TARGET_NAME = Elise;
			};
			name = Debug;
		};
		651AF67428E627A9000CD065 /* Release */ = {
			isa = XCBuildConfiguration;
			buildSettings = {
				ALWAYS_EMBED_SWIFT_STANDARD_LIBRARIES = YES;
				CODE_SIGN_STYLE = Automatic;
				CURRENT_PROJECT_VERSION = 1;
				DEVELOPMENT_TEAM = 7LAL44LT2V;
				GENERATE_INFOPLIST_FILE = YES;
				MARKETING_VERSION = 1.0;
				PRODUCT_BUNDLE_IDENTIFIER = iOS2.EliseUITests;
				PRODUCT_NAME = "$(TARGET_NAME)";
				SWIFT_EMIT_LOC_STRINGS = NO;
				SWIFT_VERSION = 5.0;
				TARGETED_DEVICE_FAMILY = "1,2";
				TEST_TARGET_NAME = Elise;
			};
			name = Release;
		};
/* End XCBuildConfiguration section */

/* Begin XCConfigurationList section */
		651AF63D28E627A9000CD065 /* Build configuration list for PBXProject "MoviePreferences" */ = {
			isa = XCConfigurationList;
			buildConfigurations = (
				651AF66A28E627A9000CD065 /* Debug */,
				651AF66B28E627A9000CD065 /* Release */,
			);
			defaultConfigurationIsVisible = 0;
			defaultConfigurationName = Release;
		};
		651AF66C28E627A9000CD065 /* Build configuration list for PBXNativeTarget "MoviePreferences" */ = {
			isa = XCConfigurationList;
			buildConfigurations = (
				651AF66D28E627A9000CD065 /* Debug */,
				651AF66E28E627A9000CD065 /* Release */,
			);
			defaultConfigurationIsVisible = 0;
			defaultConfigurationName = Release;
		};
		651AF66F28E627A9000CD065 /* Build configuration list for PBXNativeTarget "MoviePreferencesTests" */ = {
			isa = XCConfigurationList;
			buildConfigurations = (
				651AF67028E627A9000CD065 /* Debug */,
				651AF67128E627A9000CD065 /* Release */,
			);
			defaultConfigurationIsVisible = 0;
			defaultConfigurationName = Release;
		};
		651AF67228E627A9000CD065 /* Build configuration list for PBXNativeTarget "MoviePreferencesUITests" */ = {
			isa = XCConfigurationList;
			buildConfigurations = (
				651AF67328E627A9000CD065 /* Debug */,
				651AF67428E627A9000CD065 /* Release */,
			);
			defaultConfigurationIsVisible = 0;
			defaultConfigurationName = Release;
		};
/* End XCConfigurationList section */
	};
	rootObject = 651AF63A28E627A9000CD065 /* Project object */;
}
